
Microsoft Visual Studio Solution File, Format Version 12.00
# Visual Studio 15
VisualStudioVersion = 15.0.28307.136
MinimumVisualStudioVersion = 10.0.40219.1
Project("{FAE04EC0-301F-11D3-BF4B-00C04F79EFBC}") = "CpuMonitor", "CpuMonitor\CpuMonitor.csproj", "{F4725C73-DC23-4344-9144-DFE02E934EBB}"
EndProject
Global
	GlobalSection(SolutionConfigurationPlatforms) = preSolution
		Debug|Any CPU = Debug|Any CPU
		Release|Any CPU = Release|Any CPU
	EndGlobalSection
	GlobalSection(ProjectConfigurationPlatforms) = postSolution
		{F4725C73-DC23-4344-9144-DFE02E934EBB}.Debug|Any CPU.ActiveCfg = Debug|Any CPU
		{F4725C73-DC23-4344-9144-DFE02E934EBB}.Debug|Any CPU.Build.0 = Debug|Any CPU
		{F4725C73-DC23-4344-9144-DFE02E934EBB}.Release|Any CPU.ActiveCfg = Release|Any CPU
		{F4725C73-DC23-4344-9144-DFE02E934EBB}.Release|Any CPU.Build.0 = Release|Any CPU
	EndGlobalSection
	GlobalSection(SolutionProperties) = preSolution
		HideSolutionNode = FALSE
	EndGlobalSection
	GlobalSection(ExtensibilityGlobals) = postSolution
		SolutionGuid = {4731C71F-037B-4897-9821-9E37F8CAE681}
	EndGlobalSection
EndGlobal
